
Microsoft Visual Studio Solution File, Format Version 12.00
# Visual Studio Version 16
VisualStudioVersion = 16.0.31025.194
MinimumVisualStudioVersion = 10.0.40219.1
Project("{FAE04EC0-301F-11D3-BF4B-00C04F79EFBC}") = "WcfPersonaService21", "WcfPersonaService21.csproj", "{76267F45-39C1-4A2A-9A35-D78B9388178F}"
EndProject
Project("{FAE04EC0-301F-11D3-BF4B-00C04F79EFBC}") = "WcfClientes", "..\WcfClientes\WcfClientes.csproj", "{F3948475-BF91-4115-86B0-8B699FF60976}"
EndProject
Global
	GlobalSection(SolutionConfigurationPlatforms) = preSolution
		Debug|Any CPU = Debug|Any CPU
		Release|Any CPU = Release|Any CPU
	EndGlobalSection
	GlobalSection(ProjectConfigurationPlatforms) = postSolution
		{76267F45-39C1-4A2A-9A35-D78B9388178F}.Debug|Any CPU.ActiveCfg = Debug|Any CPU
		{76267F45-39C1-4A2A-9A35-D78B9388178F}.Debug|Any CPU.Build.0 = Debug|Any CPU
		{76267F45-39C1-4A2A-9A35-D78B9388178F}.Release|Any CPU.ActiveCfg = Release|Any CPU
		{76267F45-39C1-4A2A-9A35-D78B9388178F}.Release|Any CPU.Build.0 = Release|Any CPU
		{F3948475-BF91-4115-86B0-8B699FF60976}.Debug|Any CPU.ActiveCfg = Debug|Any CPU
		{F3948475-BF91-4115-86B0-8B699FF60976}.Debug|Any CPU.Build.0 = Debug|Any CPU
		{F3948475-BF91-4115-86B0-8B699FF60976}.Release|Any CPU.ActiveCfg = Release|Any CPU
		{F3948475-BF91-4115-86B0-8B699FF60976}.Release|Any CPU.Build.0 = Release|Any CPU
	EndGlobalSection
	GlobalSection(SolutionProperties) = preSolution
		HideSolutionNode = FALSE
	EndGlobalSection
	GlobalSection(ExtensibilityGlobals) = postSolution
		SolutionGuid = {285ACC16-1712-4CDE-B597-9830C4DD26CF}
	EndGlobalSection
EndGlobal
